
Microsoft Visual Studio Solution File, Format Version 12.00
# Visual Studio Version 17
VisualStudioVersion = 17.14.36414.22 d17.14
MinimumVisualStudioVersion = 10.0.40219.1
Project("{FAE04EC0-301F-11D3-BF4B-00C04F79EFBC}") = "ClipboardManager", "ClipboardManager.csproj", "{F6149935-7FDA-4DA8-B0F9-92553C08EBBF}"
EndProject
Global
	GlobalSection(SolutionConfigurationPlatforms) = preSolution
		Debug|Any CPU = Debug|Any CPU
		Release|Any CPU = Release|Any CPU
	EndGlobalSection
	GlobalSection(ProjectConfigurationPlatforms) = postSolution
		{F6149935-7FDA-4DA8-B0F9-92553C08EBBF}.Debug|Any CPU.ActiveCfg = Debug|Any CPU
		{F6149935-7FDA-4DA8-B0F9-92553C08EBBF}.Debug|Any CPU.Build.0 = Debug|Any CPU
		{F6149935-7FDA-4DA8-B0F9-92553C08EBBF}.Release|Any CPU.ActiveCfg = Release|Any CPU
		{F6149935-7FDA-4DA8-B0F9-92553C08EBBF}.Release|Any CPU.Build.0 = Release|Any CPU
	EndGlobalSection
	GlobalSection(SolutionProperties) = preSolution
		HideSolutionNode = FALSE
	EndGlobalSection
	GlobalSection(ExtensibilityGlobals) = postSolution
		SolutionGuid = {35BBF578-4DDB-461B-A37A-6541D9FE27AD}
	EndGlobalSection
EndGlobal
